
Microsoft Visual Studio Solution File, Format Version 12.00
# Visual Studio 15
VisualStudioVersion = 15.0.26124.0
MinimumVisualStudioVersion = 15.0.26124.0
Project("{2150E333-8FDC-42A3-9474-1A3956D46DE8}") = "src", "src", "{7780A079-F82D-4467-8E66-C7D939699AF9}"
EndProject
Project("{FAE04EC0-301F-11D3-BF4B-00C04F79EFBC}") = "Actio.Api", "src\Actio.Api\Actio.Api.csproj", "{20C461FE-8BBE-4DDF-AF43-E5D9028D949B}"
EndProject
Project("{FAE04EC0-301F-11D3-BF4B-00C04F79EFBC}") = "Actio.Services.Identity", "src\Actio.Services.Identity\Actio.Services.Identity.csproj", "{F895BB95-B892-4E7D-81ED-7424C1B97F88}"
EndProject
Project("{FAE04EC0-301F-11D3-BF4B-00C04F79EFBC}") = "Actio.Services.Activities", "src\Actio.Services.Activities\Actio.Services.Activities.csproj", "{42270120-0B95-4DEB-939D-7BBB7D3F59DC}"
EndProject
Project("{FAE04EC0-301F-11D3-BF4B-00C04F79EFBC}") = "Actio.Common", "src\Actio.Common\Actio.Common.csproj", "{B4444B11-4256-4800-9DD6-C62F150B53A7}"
EndProject
Global
	GlobalSection(SolutionConfigurationPlatforms) = preSolution
		Debug|Any CPU = Debug|Any CPU
		Debug|x64 = Debug|x64
		Debug|x86 = Debug|x86
		Release|Any CPU = Release|Any CPU
		Release|x64 = Release|x64
		Release|x86 = Release|x86
	EndGlobalSection
	GlobalSection(SolutionProperties) = preSolution
		HideSolutionNode = FALSE
	EndGlobalSection
	GlobalSection(ProjectConfigurationPlatforms) = postSolution
		{20C461FE-8BBE-4DDF-AF43-E5D9028D949B}.Debug|Any CPU.ActiveCfg = Debug|Any CPU
		{20C461FE-8BBE-4DDF-AF43-E5D9028D949B}.Debug|Any CPU.Build.0 = Debug|Any CPU
		{20C461FE-8BBE-4DDF-AF43-E5D9028D949B}.Debug|x64.ActiveCfg = Debug|Any CPU
		{20C461FE-8BBE-4DDF-AF43-E5D9028D949B}.Debug|x64.Build.0 = Debug|Any CPU
		{20C461FE-8BBE-4DDF-AF43-E5D9028D949B}.Debug|x86.ActiveCfg = Debug|Any CPU
		{20C461FE-8BBE-4DDF-AF43-E5D9028D949B}.Debug|x86.Build.0 = Debug|Any CPU
		{20C461FE-8BBE-4DDF-AF43-E5D9028D949B}.Release|Any CPU.ActiveCfg = Release|Any CPU
		{20C461FE-8BBE-4DDF-AF43-E5D9028D949B}.Release|Any CPU.Build.0 = Release|Any CPU
		{20C461FE-8BBE-4DDF-AF43-E5D9028D949B}.Release|x64.ActiveCfg = Release|Any CPU
		{20C461FE-8BBE-4DDF-AF43-E5D9028D949B}.Release|x64.Build.0 = Release|Any CPU
		{20C461FE-8BBE-4DDF-AF43-E5D9028D949B}.Release|x86.ActiveCfg = Release|Any CPU
		{20C461FE-8BBE-4DDF-AF43-E5D9028D949B}.Release|x86.Build.0 = Release|Any CPU
		{F895BB95-B892-4E7D-81ED-7424C1B97F88}.Debug|Any CPU.ActiveCfg = Debug|Any CPU
		{F895BB95-B892-4E7D-81ED-7424C1B97F88}.Debug|Any CPU.Build.0 = Debug|Any CPU
		{F895BB95-B892-4E7D-81ED-7424C1B97F88}.Debug|x64.ActiveCfg = Debug|Any CPU
		{F895BB95-B892-4E7D-81ED-7424C1B97F88}.Debug|x64.Build.0 = Debug|Any CPU
		{F895BB95-B892-4E7D-81ED-7424C1B97F88}.Debug|x86.ActiveCfg = Debug|Any CPU
		{F895BB95-B892-4E7D-81ED-7424C1B97F88}.Debug|x86.Build.0 = Debug|Any CPU
		{F895BB95-B892-4E7D-81ED-7424C1B97F88}.Release|Any CPU.ActiveCfg = Release|Any CPU
		{F895BB95-B892-4E7D-81ED-7424C1B97F88}.Release|Any CPU.Build.0 = Release|Any CPU
		{F895BB95-B892-4E7D-81ED-7424C1B97F88}.Release|x64.ActiveCfg = Release|Any CPU
		{F895BB95-B892-4E7D-81ED-7424C1B97F88}.Release|x64.Build.0 = Release|Any CPU
		{F895BB95-B892-4E7D-81ED-7424C1B97F88}.Release|x86.ActiveCfg = Release|Any CPU
		{F895BB95-B892-4E7D-81ED-7424C1B97F88}.Release|x86.Build.0 = Release|Any CPU
		{42270120-0B95-4DEB-939D-7BBB7D3F59DC}.Debug|Any CPU.ActiveCfg = Debug|Any CPU
		{42270120-0B95-4DEB-939D-7BBB7D3F59DC}.Debug|Any CPU.Build.0 = Debug|Any CPU
		{42270120-0B95-4DEB-939D-7BBB7D3F59DC}.Debug|x64.ActiveCfg = Debug|Any CPU
		{42270120-0B95-4DEB-939D-7BBB7D3F59DC}.Debug|x64.Build.0 = Debug|Any CPU
		{42270120-0B95-4DEB-939D-7BBB7D3F59DC}.Debug|x86.ActiveCfg = Debug|Any CPU
		{42270120-0B95-4DEB-939D-7BBB7D3F59DC}.Debug|x86.Build.0 = Debug|Any CPU
		{42270120-0B95-4DEB-939D-7BBB7D3F59DC}.Release|Any CPU.ActiveCfg = Release|Any CPU
		{42270120-0B95-4DEB-939D-7BBB7D3F59DC}.Release|Any CPU.Build.0 = Release|Any CPU
		{42270120-0B95-4DEB-939D-7BBB7D3F59DC}.Release|x64.ActiveCfg = Release|Any CPU
		{42270120-0B95-4DEB-939D-7BBB7D3F59DC}.Release|x64.Build.0 = Release|Any CPU
		{42270120-0B95-4DEB-939D-7BBB7D3F59DC}.Release|x86.ActiveCfg = Release|Any CPU
		{42270120-0B95-4DEB-939D-7BBB7D3F59DC}.Release|x86.Build.0 = Release|Any CPU
		{B4444B11-4256-4800-9DD6-C62F150B53A7}.Debug|Any CPU.ActiveCfg = Debug|Any CPU
		{B4444B11-4256-4800-9DD6-C62F150B53A7}.Debug|Any CPU.Build.0 = Debug|Any CPU
		{B4444B11-4256-4800-9DD6-C62F150B53A7}.Debug|x64.ActiveCfg = Debug|Any CPU
		{B4444B11-4256-4800-9DD6-C62F150B53A7}.Debug|x64.Build.0 = Debug|Any CPU
		{B4444B11-4256-4800-9DD6-C62F150B53A7}.Debug|x86.ActiveCfg = Debug|Any CPU
		{B4444B11-4256-4800-9DD6-C62F150B53A7}.Debug|x86.Build.0 = Debug|Any CPU
		{B4444B11-4256-4800-9DD6-C62F150B53A7}.Release|Any CPU.ActiveCfg = Release|Any CPU
		{B4444B11-4256-4800-9DD6-C62F150B53A7}.Release|Any CPU.Build.0 = Release|Any CPU
		{B4444B11-4256-4800-9DD6-C62F150B53A7}.Release|x64.ActiveCfg = Release|Any CPU
		{B4444B11-4256-4800-9DD6-C62F150B53A7}.Release|x64.Build.0 = Release|Any CPU
		{B4444B11-4256-4800-9DD6-C62F150B53A7}.Release|x86.ActiveCfg = Release|Any CPU
		{B4444B11-4256-4800-9DD6-C62F150B53A7}.Release|x86.Build.0 = Release|Any CPU
	EndGlobalSection
	GlobalSection(NestedProjects) = preSolution
		{20C461FE-8BBE-4DDF-AF43-E5D9028D949B} = {7780A079-F82D-4467-8E66-C7D939699AF9}
		{F895BB95-B892-4E7D-81ED-7424C1B97F88} = {7780A079-F82D-4467-8E66-C7D939699AF9}
		{42270120-0B95-4DEB-939D-7BBB7D3F59DC} = {7780A079-F82D-4467-8E66-C7D939699AF9}
		{B4444B11-4256-4800-9DD6-C62F150B53A7} = {7780A079-F82D-4467-8E66-C7D939699AF9}
	EndGlobalSection
EndGlobal
